// !$*UTF8*$!
{
	archiveVersion = 1;
	classes = {
	};
	objectVersion = 55;
	objects = {

/* Begin PBXBuildFile section */
		EF07A4D327C81FDF007FCE8C /* AlbumCell.swift in Sources */ = {isa = PBXBuildFile; fileRef = EF07A4D227C81FDF007FCE8C /* AlbumCell.swift */; };
		EF07A4D527CFF89B007FCE8C /* FeedPresenter.swift in Sources */ = {isa = PBXBuildFile; fileRef = EF07A4D427CFF89B007FCE8C /* FeedPresenter.swift */; };
		EF07A4D727CFF952007FCE8C /* PostType.swift in Sources */ = {isa = PBXBuildFile; fileRef = EF07A4D627CFF952007FCE8C /* PostType.swift */; };
		EF0DA6012799F32600F6AEBB /* Listing.swift in Sources */ = {isa = PBXBuildFile; fileRef = EF0DA6002799F32600F6AEBB /* Listing.swift */; };
		EF0DA6052799F42000F6AEBB /* Post.swift in Sources */ = {isa = PBXBuildFile; fileRef = EF0DA6042799F42000F6AEBB /* Post.swift */; };
		EF0DA6072799F6AB00F6AEBB /* ListingItem.swift in Sources */ = {isa = PBXBuildFile; fileRef = EF0DA6062799F6AB00F6AEBB /* ListingItem.swift */; };
		EF0DA60B27A2BE6700F6AEBB /* JSONDictonary.swift in Sources */ = {isa = PBXBuildFile; fileRef = EF0DA60A27A2BE6700F6AEBB /* JSONDictonary.swift */; };
		EF0E114228291C7A00A4AF7D /* ImageCell.swift in Sources */ = {isa = PBXBuildFile; fileRef = EF0E114128291C7A00A4AF7D /* ImageCell.swift */; };
		EF0E11462829360C00A4AF7D /* ImageLoader.swift in Sources */ = {isa = PBXBuildFile; fileRef = EF0E11452829360C00A4AF7D /* ImageLoader.swift */; };
		EF0E1148282A5EAF00A4AF7D /* GalleryItemData.swift in Sources */ = {isa = PBXBuildFile; fileRef = EF0E1147282A5EAF00A4AF7D /* GalleryItemData.swift */; };
		EF0E114A282A613700A4AF7D /* GalleryItemMetadata.swift in Sources */ = {isa = PBXBuildFile; fileRef = EF0E1149282A613700A4AF7D /* GalleryItemMetadata.swift */; };
		EF0E114C282A6E5D00A4AF7D /* String+HTML.swift in Sources */ = {isa = PBXBuildFile; fileRef = EF0E114B282A6E5D00A4AF7D /* String+HTML.swift */; };
		EF0E11512833A8B200A4AF7D /* UInt64+Formatter.swift in Sources */ = {isa = PBXBuildFile; fileRef = EF0E11502833A8B200A4AF7D /* UInt64+Formatter.swift */; };
		EF1CE61427FCC92A007A7397 /* LinkOpenerDelegate.swift in Sources */ = {isa = PBXBuildFile; fileRef = EF1CE61327FCC92A007A7397 /* LinkOpenerDelegate.swift */; };
		EF290DC928048D9800F6E142 /* FeedDataView.swift in Sources */ = {isa = PBXBuildFile; fileRef = EF290DC828048D9800F6E142 /* FeedDataView.swift */; };
		EF3406222805F2030053C115 /* PreviewImage.swift in Sources */ = {isa = PBXBuildFile; fileRef = EF3406212805F2030053C115 /* PreviewImage.swift */; };
		EF340624280606770053C115 /* Image.swift in Sources */ = {isa = PBXBuildFile; fileRef = EF340623280606770053C115 /* Image.swift */; };
		EF3846DB276D547F006DCDDC /* AlbumImageCell.swift in Sources */ = {isa = PBXBuildFile; fileRef = EF3846DA276D547F006DCDDC /* AlbumImageCell.swift */; };
		EF5848492786FB490069F684 /* UIViewExtension.swift in Sources */ = {isa = PBXBuildFile; fileRef = EF5848482786FB490069F684 /* UIViewExtension.swift */; };
		EF58484B2786FCCB0069F684 /* LayoutAnchor.swift in Sources */ = {isa = PBXBuildFile; fileRef = EF58484A2786FCCB0069F684 /* LayoutAnchor.swift */; };
		EF58484E278706030069F684 /* NSLayoutConstraintExtension.swift in Sources */ = {isa = PBXBuildFile; fileRef = EF58484D278706030069F684 /* NSLayoutConstraintExtension.swift */; };
		EF7F235728215DFB00F4AF94 /* URL+Image.swift in Sources */ = {isa = PBXBuildFile; fileRef = EF7F235628215DFB00F4AF94 /* URL+Image.swift */; };
		EF83A2D527E756DE002B8AE0 /* FooterCell.swift in Sources */ = {isa = PBXBuildFile; fileRef = EF83A2D327E756DE002B8AE0 /* FooterCell.swift */; };
		EF83A2D627E756DE002B8AE0 /* HeaderCell.swift in Sources */ = {isa = PBXBuildFile; fileRef = EF83A2D427E756DE002B8AE0 /* HeaderCell.swift */; };
		EFA28A6327D93E47006B7390 /* Media.swift in Sources */ = {isa = PBXBuildFile; fileRef = EFA28A6227D93E47006B7390 /* Media.swift */; };
		EFA28A6527D9443C006B7390 /* RedditVideo.swift in Sources */ = {isa = PBXBuildFile; fileRef = EFA28A6427D9443C006B7390 /* RedditVideo.swift */; };
		EFA9C1882819DB7000053512 /* PostParser.swift in Sources */ = {isa = PBXBuildFile; fileRef = EFA9C1872819DB7000053512 /* PostParser.swift */; };
		EFB80DCE2850C715005A750F /* LoadOperation.swift in Sources */ = {isa = PBXBuildFile; fileRef = EFB80DCD2850C715005A750F /* LoadOperation.swift */; };
		EFBD99542767C3A400373FBF /* AppDelegate.swift in Sources */ = {isa = PBXBuildFile; fileRef = EFBD99532767C3A400373FBF /* AppDelegate.swift */; };
		EFBD99562767C3A500373FBF /* SceneDelegate.swift in Sources */ = {isa = PBXBuildFile; fileRef = EFBD99552767C3A500373FBF /* SceneDelegate.swift */; };
		EFBD995D2767C3AB00373FBF /* Assets.xcassets in Resources */ = {isa = PBXBuildFile; fileRef = EFBD995C2767C3AB00373FBF /* Assets.xcassets */; };
		EFBD99602767C3AB00373FBF /* LaunchScreen.storyboard in Resources */ = {isa = PBXBuildFile; fileRef = EFBD995E2767C3AB00373FBF /* LaunchScreen.storyboard */; };
		EFBD99682767C47F00373FBF /* MainViewController.swift in Sources */ = {isa = PBXBuildFile; fileRef = EFBD99672767C47F00373FBF /* MainViewController.swift */; };
		EFBD996A2767C4F200373FBF /* NetworkService🌐.swift in Sources */ = {isa = PBXBuildFile; fileRef = EFBD99692767C4F200373FBF /* NetworkService🌐.swift */; };
		EFBDC3BE27E900C7000BE79D /* TextCell.swift in Sources */ = {isa = PBXBuildFile; fileRef = EFBDC3BD27E900C7000BE79D /* TextCell.swift */; };
		EFD2C31127F38EDF0085E59F /* Subreddit.swift in Sources */ = {isa = PBXBuildFile; fileRef = EFD2C31027F38EDF0085E59F /* Subreddit.swift */; };
		EFD89B6A2817249600644BC8 /* MediaCell.swift in Sources */ = {isa = PBXBuildFile; fileRef = EFD89B692817249500644BC8 /* MediaCell.swift */; };
		EFF05ED127B47DDE00AF02CA /* TitleCell.swift in Sources */ = {isa = PBXBuildFile; fileRef = EFF05ED027B47DDE00AF02CA /* TitleCell.swift */; };
		EFF05ED327B6A20800AF02CA /* LinkCell.swift in Sources */ = {isa = PBXBuildFile; fileRef = EFF05ED227B6A20800AF02CA /* LinkCell.swift */; };
/* End PBXBuildFile section */

/* Begin PBXFileReference section */
		EF07A4D227C81FDF007FCE8C /* AlbumCell.swift */ = {isa = PBXFileReference; lastKnownFileType = sourcecode.swift; path = AlbumCell.swift; sourceTree = "<group>"; };
		EF07A4D427CFF89B007FCE8C /* FeedPresenter.swift */ = {isa = PBXFileReference; lastKnownFileType = sourcecode.swift; path = FeedPresenter.swift; sourceTree = "<group>"; };
		EF07A4D627CFF952007FCE8C /* PostType.swift */ = {isa = PBXFileReference; lastKnownFileType = sourcecode.swift; path = PostType.swift; sourceTree = "<group>"; };
		EF0DA6002799F32600F6AEBB /* Listing.swift */ = {isa = PBXFileReference; lastKnownFileType = sourcecode.swift; path = Listing.swift; sourceTree = "<group>"; };
		EF0DA6042799F42000F6AEBB /* Post.swift */ = {isa = PBXFileReference; lastKnownFileType = sourcecode.swift; path = Post.swift; sourceTree = "<group>"; };
		EF0DA6062799F6AB00F6AEBB /* ListingItem.swift */ = {isa = PBXFileReference; lastKnownFileType = sourcecode.swift; path = ListingItem.swift; sourceTree = "<group>"; };
		EF0DA60A27A2BE6700F6AEBB /* JSONDictonary.swift */ = {isa = PBXFileReference; lastKnownFileType = sourcecode.swift; name = JSONDictonary.swift; path = FeedApp/JSONDictonary.swift; sourceTree = SOURCE_ROOT; };
		EF0E114128291C7A00A4AF7D /* ImageCell.swift */ = {isa = PBXFileReference; lastKnownFileType = sourcecode.swift; path = ImageCell.swift; sourceTree = "<group>"; };
		EF0E11452829360C00A4AF7D /* ImageLoader.swift */ = {isa = PBXFileReference; lastKnownFileType = sourcecode.swift; path = ImageLoader.swift; sourceTree = "<group>"; };
		EF0E1147282A5EAF00A4AF7D /* GalleryItemData.swift */ = {isa = PBXFileReference; lastKnownFileType = sourcecode.swift; path = GalleryItemData.swift; sourceTree = "<group>"; };
		EF0E1149282A613700A4AF7D /* GalleryItemMetadata.swift */ = {isa = PBXFileReference; lastKnownFileType = sourcecode.swift; path = GalleryItemMetadata.swift; sourceTree = "<group>"; };
		EF0E114B282A6E5D00A4AF7D /* String+HTML.swift */ = {isa = PBXFileReference; lastKnownFileType = sourcecode.swift; name = "String+HTML.swift"; path = "FeedApp/Other/Extensions/String+HTML.swift"; sourceTree = SOURCE_ROOT; };
		EF0E11502833A8B200A4AF7D /* UInt64+Formatter.swift */ = {isa = PBXFileReference; lastKnownFileType = sourcecode.swift; path = "UInt64+Formatter.swift"; sourceTree = "<group>"; };
		EF1CE61327FCC92A007A7397 /* LinkOpenerDelegate.swift */ = {isa = PBXFileReference; lastKnownFileType = sourcecode.swift; path = LinkOpenerDelegate.swift; sourceTree = "<group>"; };
		EF290DC828048D9800F6E142 /* FeedDataView.swift */ = {isa = PBXFileReference; lastKnownFileType = sourcecode.swift; path = FeedDataView.swift; sourceTree = "<group>"; };
		EF3406212805F2030053C115 /* PreviewImage.swift */ = {isa = PBXFileReference; lastKnownFileType = sourcecode.swift; path = PreviewImage.swift; sourceTree = "<group>"; };
		EF340623280606770053C115 /* Image.swift */ = {isa = PBXFileReference; lastKnownFileType = sourcecode.swift; path = Image.swift; sourceTree = "<group>"; };
		EF3846DA276D547F006DCDDC /* AlbumImageCell.swift */ = {isa = PBXFileReference; lastKnownFileType = sourcecode.swift; path = AlbumImageCell.swift; sourceTree = "<group>"; };
		EF5848482786FB490069F684 /* UIViewExtension.swift */ = {isa = PBXFileReference; lastKnownFileType = sourcecode.swift; path = UIViewExtension.swift; sourceTree = "<group>"; };
		EF58484A2786FCCB0069F684 /* LayoutAnchor.swift */ = {isa = PBXFileReference; lastKnownFileType = sourcecode.swift; path = LayoutAnchor.swift; sourceTree = "<group>"; };
		EF58484D278706030069F684 /* NSLayoutConstraintExtension.swift */ = {isa = PBXFileReference; lastKnownFileType = sourcecode.swift; path = NSLayoutConstraintExtension.swift; sourceTree = "<group>"; };
		EF7F235628215DFB00F4AF94 /* URL+Image.swift */ = {isa = PBXFileReference; lastKnownFileType = sourcecode.swift; path = "URL+Image.swift"; sourceTree = "<group>"; };
		EF83A2D327E756DE002B8AE0 /* FooterCell.swift */ = {isa = PBXFileReference; fileEncoding = 4; lastKnownFileType = sourcecode.swift; path = FooterCell.swift; sourceTree = "<group>"; };
		EF83A2D427E756DE002B8AE0 /* HeaderCell.swift */ = {isa = PBXFileReference; fileEncoding = 4; lastKnownFileType = sourcecode.swift; path = HeaderCell.swift; sourceTree = "<group>"; };
		EFA28A6227D93E47006B7390 /* Media.swift */ = {isa = PBXFileReference; lastKnownFileType = sourcecode.swift; path = Media.swift; sourceTree = "<group>"; };
		EFA28A6427D9443C006B7390 /* RedditVideo.swift */ = {isa = PBXFileReference; lastKnownFileType = sourcecode.swift; path = RedditVideo.swift; sourceTree = "<group>"; };
		EFA9C1872819DB7000053512 /* PostParser.swift */ = {isa = PBXFileReference; lastKnownFileType = sourcecode.swift; path = PostParser.swift; sourceTree = "<group>"; };
		EFB80DCD2850C715005A750F /* LoadOperation.swift */ = {isa = PBXFileReference; lastKnownFileType = sourcecode.swift; path = LoadOperation.swift; sourceTree = "<group>"; };
		EFB9D4FD28535C72001C8881 /* AVFoundation.framework */ = {isa = PBXFileReference; lastKnownFileType = wrapper.framework; name = AVFoundation.framework; path = System/Library/Frameworks/AVFoundation.framework; sourceTree = SDKROOT; };
		EFBD99502767C3A400373FBF /* FeedApp.app */ = {isa = PBXFileReference; explicitFileType = wrapper.application; includeInIndex = 0; path = FeedApp.app; sourceTree = BUILT_PRODUCTS_DIR; };
		EFBD99532767C3A400373FBF /* AppDelegate.swift */ = {isa = PBXFileReference; lastKnownFileType = sourcecode.swift; path = AppDelegate.swift; sourceTree = "<group>"; };
		EFBD99552767C3A500373FBF /* SceneDelegate.swift */ = {isa = PBXFileReference; lastKnownFileType = sourcecode.swift; path = SceneDelegate.swift; sourceTree = "<group>"; };
		EFBD995C2767C3AB00373FBF /* Assets.xcassets */ = {isa = PBXFileReference; lastKnownFileType = folder.assetcatalog; path = Assets.xcassets; sourceTree = "<group>"; };
		EFBD995F2767C3AB00373FBF /* Base */ = {isa = PBXFileReference; lastKnownFileType = file.storyboard; name = Base; path = Base.lproj/LaunchScreen.storyboard; sourceTree = "<group>"; };
		EFBD99612767C3AB00373FBF /* Info.plist */ = {isa = PBXFileReference; lastKnownFileType = text.plist.xml; path = Info.plist; sourceTree = "<group>"; };
		EFBD99672767C47F00373FBF /* MainViewController.swift */ = {isa = PBXFileReference; lastKnownFileType = sourcecode.swift; path = MainViewController.swift; sourceTree = "<group>"; };
		EFBD99692767C4F200373FBF /* NetworkService🌐.swift */ = {isa = PBXFileReference; lastKnownFileType = sourcecode.swift; path = "NetworkService🌐.swift"; sourceTree = "<group>"; };
		EFBDC3BD27E900C7000BE79D /* TextCell.swift */ = {isa = PBXFileReference; lastKnownFileType = sourcecode.swift; path = TextCell.swift; sourceTree = "<group>"; };
		EFD2C31027F38EDF0085E59F /* Subreddit.swift */ = {isa = PBXFileReference; lastKnownFileType = sourcecode.swift; path = Subreddit.swift; sourceTree = "<group>"; };
		EFD89B692817249500644BC8 /* MediaCell.swift */ = {isa = PBXFileReference; lastKnownFileType = sourcecode.swift; path = MediaCell.swift; sourceTree = "<group>"; };
		EFF05ED027B47DDE00AF02CA /* TitleCell.swift */ = {isa = PBXFileReference; lastKnownFileType = sourcecode.swift; path = TitleCell.swift; sourceTree = "<group>"; };
		EFF05ED227B6A20800AF02CA /* LinkCell.swift */ = {isa = PBXFileReference; lastKnownFileType = sourcecode.swift; path = LinkCell.swift; sourceTree = "<group>"; };
/* End PBXFileReference section */

/* Begin PBXFrameworksBuildPhase section */
		EFBD994D2767C3A400373FBF /* Frameworks */ = {
			isa = PBXFrameworksBuildPhase;
			buildActionMask = 2147483647;
			files = (
			);
			runOnlyForDeploymentPostprocessing = 0;
		};
/* End PBXFrameworksBuildPhase section */

/* Begin PBXGroup section */
		EF0DA5FD2799F1D400F6AEBB /* Models */ = {
			isa = PBXGroup;
			children = (
				EFD89B662811D43C00644BC8 /* DataViewModels */,
				EF0DA6002799F32600F6AEBB /* Listing.swift */,
				EF0DA60A27A2BE6700F6AEBB /* JSONDictonary.swift */,
				EF0DA6042799F42000F6AEBB /* Post.swift */,
				EF0E1149282A613700A4AF7D /* GalleryItemMetadata.swift */,
				EF0E1147282A5EAF00A4AF7D /* GalleryItemData.swift */,
				EF3406212805F2030053C115 /* PreviewImage.swift */,
				EF340623280606770053C115 /* Image.swift */,
				EFA28A6227D93E47006B7390 /* Media.swift */,
				EFA28A6427D9443C006B7390 /* RedditVideo.swift */,
				EF0DA6062799F6AB00F6AEBB /* ListingItem.swift */,
				EFD2C31027F38EDF0085E59F /* Subreddit.swift */,
			);
			path = Models;
			sourceTree = "<group>";
		};
		EF0E114F2833A85400A4AF7D /* Extensions */ = {
			isa = PBXGroup;
			children = (
				EF0E114B282A6E5D00A4AF7D /* String+HTML.swift */,
				EF7F235628215DFB00F4AF94 /* URL+Image.swift */,
				EF0E11502833A8B200A4AF7D /* UInt64+Formatter.swift */,
			);
			path = Extensions;
			sourceTree = "<group>";
		};
		EF58484C278705D10069F684 /* AutoLayoutDSL */ = {
			isa = PBXGroup;
			children = (
				EF5848482786FB490069F684 /* UIViewExtension.swift */,
				EF58484A2786FCCB0069F684 /* LayoutAnchor.swift */,
				EF58484D278706030069F684 /* NSLayoutConstraintExtension.swift */,
			);
			path = AutoLayoutDSL;
			sourceTree = "<group>";
		};
		EFB9D4FC28535C72001C8881 /* Frameworks */ = {
			isa = PBXGroup;
			children = (
				EFB9D4FD28535C72001C8881 /* AVFoundation.framework */,
			);
			name = Frameworks;
			sourceTree = "<group>";
		};
		EFBD99472767C3A400373FBF = {
			isa = PBXGroup;
			children = (
				EFBD99522767C3A400373FBF /* FeedApp */,
				EFBD99512767C3A400373FBF /* Products */,
				EFB9D4FC28535C72001C8881 /* Frameworks */,
			);
			sourceTree = "<group>";
		};
		EFBD99512767C3A400373FBF /* Products */ = {
			isa = PBXGroup;
			children = (
				EFBD99502767C3A400373FBF /* FeedApp.app */,
			);
			name = Products;
			sourceTree = "<group>";
		};
		EFBD99522767C3A400373FBF /* FeedApp */ = {
			isa = PBXGroup;
			children = (
				EFD89B672811D47500644BC8 /* Presenter */,
				EFF05EC127A9462E00AF02CA /* Network */,
				EFF05EBC27A93FCF00AF02CA /* UI */,
				EF0DA5FD2799F1D400F6AEBB /* Models */,
				EFD89B682811D48600644BC8 /* Other */,
				EFBD99532767C3A400373FBF /* AppDelegate.swift */,
				EFBD99552767C3A500373FBF /* SceneDelegate.swift */,
				EFBD995C2767C3AB00373FBF /* Assets.xcassets */,
				EFBD995E2767C3AB00373FBF /* LaunchScreen.storyboard */,
				EFBD99612767C3AB00373FBF /* Info.plist */,
			);
			path = FeedApp;
			sourceTree = "<group>";
		};
		EFD89B642811D37900644BC8 /* PostComponents */ = {
			isa = PBXGroup;
			children = (
				EF3846DA276D547F006DCDDC /* AlbumImageCell.swift */,
				EF0E114128291C7A00A4AF7D /* ImageCell.swift */,
				EF83A2D427E756DE002B8AE0 /* HeaderCell.swift */,
				EFF05ED027B47DDE00AF02CA /* TitleCell.swift */,
				EFBDC3BD27E900C7000BE79D /* TextCell.swift */,
				EF07A4D227C81FDF007FCE8C /* AlbumCell.swift */,
				EFF05ED227B6A20800AF02CA /* LinkCell.swift */,
				EF83A2D327E756DE002B8AE0 /* FooterCell.swift */,
				EFD89B692817249500644BC8 /* MediaCell.swift */,
			);
			path = PostComponents;
			sourceTree = "<group>";
		};
		EFD89B652811D41600644BC8 /* Controllers */ = {
			isa = PBXGroup;
			children = (
				EFBD99672767C47F00373FBF /* MainViewController.swift */,
			);
			path = Controllers;
			sourceTree = "<group>";
		};
		EFD89B662811D43C00644BC8 /* DataViewModels */ = {
			isa = PBXGroup;
			children = (
				EF290DC828048D9800F6E142 /* FeedDataView.swift */,
			);
			path = DataViewModels;
			sourceTree = "<group>";
		};
		EFD89B672811D47500644BC8 /* Presenter */ = {
			isa = PBXGroup;
			children = (
				EF07A4D427CFF89B007FCE8C /* FeedPresenter.swift */,
			);
			path = Presenter;
			sourceTree = "<group>";
		};
		EFD89B682811D48600644BC8 /* Other */ = {
			isa = PBXGroup;
			children = (
				EFA9C1872819DB7000053512 /* PostParser.swift */,
				EF0E114F2833A85400A4AF7D /* Extensions */,
				EF58484C278705D10069F684 /* AutoLayoutDSL */,
				EF07A4D627CFF952007FCE8C /* PostType.swift */,
			);
			path = Other;
			sourceTree = "<group>";
		};
		EFF05EBC27A93FCF00AF02CA /* UI */ = {
			isa = PBXGroup;
			children = (
				EFD89B652811D41600644BC8 /* Controllers */,
				EFD89B642811D37900644BC8 /* PostComponents */,
				EF1CE61327FCC92A007A7397 /* LinkOpenerDelegate.swift */,
			);
			path = UI;
			sourceTree = "<group>";
		};
		EFF05EC127A9462E00AF02CA /* Network */ = {
			isa = PBXGroup;
			children = (
				EFBD99692767C4F200373FBF /* NetworkService🌐.swift */,
				EF0E11452829360C00A4AF7D /* ImageLoader.swift */,
				EFB80DCD2850C715005A750F /* LoadOperation.swift */,
			);
			path = Network;
			sourceTree = "<group>";
		};
/* End PBXGroup section */

/* Begin PBXNativeTarget section */
		EFBD994F2767C3A400373FBF /* FeedApp */ = {
			isa = PBXNativeTarget;
			buildConfigurationList = EFBD99642767C3AB00373FBF /* Build configuration list for PBXNativeTarget "FeedApp" */;
			buildPhases = (
				EFBD994C2767C3A400373FBF /* Sources */,
				EFBD994D2767C3A400373FBF /* Frameworks */,
				EFBD994E2767C3A400373FBF /* Resources */,
			);
			buildRules = (
			);
			dependencies = (
			);
			name = FeedApp;
			productName = FeedApp;
			productReference = EFBD99502767C3A400373FBF /* FeedApp.app */;
			productType = "com.apple.product-type.application";
		};
/* End PBXNativeTarget section */

/* Begin PBXProject section */
		EFBD99482767C3A400373FBF /* Project object */ = {
			isa = PBXProject;
			attributes = {
				BuildIndependentTargetsInParallel = 1;
				LastSwiftUpdateCheck = 1310;
				LastUpgradeCheck = 1310;
				TargetAttributes = {
					EFBD994F2767C3A400373FBF = {
						CreatedOnToolsVersion = 13.1;
					};
				};
			};
			buildConfigurationList = EFBD994B2767C3A400373FBF /* Build configuration list for PBXProject "FeedApp" */;
			compatibilityVersion = "Xcode 13.0";
			developmentRegion = en;
			hasScannedForEncodings = 0;
			knownRegions = (
				en,
				Base,
			);
			mainGroup = EFBD99472767C3A400373FBF;
			productRefGroup = EFBD99512767C3A400373FBF /* Products */;
			projectDirPath = "";
			projectRoot = "";
			targets = (
				EFBD994F2767C3A400373FBF /* FeedApp */,
			);
		};
/* End PBXProject section */

/* Begin PBXResourcesBuildPhase section */
		EFBD994E2767C3A400373FBF /* Resources */ = {
			isa = PBXResourcesBuildPhase;
			buildActionMask = 2147483647;
			files = (
				EFBD99602767C3AB00373FBF /* LaunchScreen.storyboard in Resources */,
				EFBD995D2767C3AB00373FBF /* Assets.xcassets in Resources */,
			);
			runOnlyForDeploymentPostprocessing = 0;
		};
/* End PBXResourcesBuildPhase section */

/* Begin PBXSourcesBuildPhase section */
		EFBD994C2767C3A400373FBF /* Sources */ = {
			isa = PBXSourcesBuildPhase;
			buildActionMask = 2147483647;
			files = (
				EFBD99682767C47F00373FBF /* MainViewController.swift in Sources */,
				EF58484E278706030069F684 /* NSLayoutConstraintExtension.swift in Sources */,
				EF3406222805F2030053C115 /* PreviewImage.swift in Sources */,
				EFB80DCE2850C715005A750F /* LoadOperation.swift in Sources */,
				EF0DA60B27A2BE6700F6AEBB /* JSONDictonary.swift in Sources */,
				EF340624280606770053C115 /* Image.swift in Sources */,
				EF0E11462829360C00A4AF7D /* ImageLoader.swift in Sources */,
				EF7F235728215DFB00F4AF94 /* URL+Image.swift in Sources */,
				EFF05ED327B6A20800AF02CA /* LinkCell.swift in Sources */,
				EF0DA6052799F42000F6AEBB /* Post.swift in Sources */,
				EF07A4D727CFF952007FCE8C /* PostType.swift in Sources */,
				EF0E11512833A8B200A4AF7D /* UInt64+Formatter.swift in Sources */,
				EFA9C1882819DB7000053512 /* PostParser.swift in Sources */,
				EF0E114C282A6E5D00A4AF7D /* String+HTML.swift in Sources */,
				EFBD996A2767C4F200373FBF /* NetworkService🌐.swift in Sources */,
				EF83A2D527E756DE002B8AE0 /* FooterCell.swift in Sources */,
				EF83A2D627E756DE002B8AE0 /* HeaderCell.swift in Sources */,
				EF07A4D327C81FDF007FCE8C /* AlbumCell.swift in Sources */,
				EFBD99542767C3A400373FBF /* AppDelegate.swift in Sources */,
				EF0E114228291C7A00A4AF7D /* ImageCell.swift in Sources */,
				EF0DA6072799F6AB00F6AEBB /* ListingItem.swift in Sources */,
				EFD89B6A2817249600644BC8 /* MediaCell.swift in Sources */,
				EF0E1148282A5EAF00A4AF7D /* GalleryItemData.swift in Sources */,
				EF0E114A282A613700A4AF7D /* GalleryItemMetadata.swift in Sources */,
				EFA28A6327D93E47006B7390 /* Media.swift in Sources */,
				EFF05ED127B47DDE00AF02CA /* TitleCell.swift in Sources */,
				EF1CE61427FCC92A007A7397 /* LinkOpenerDelegate.swift in Sources */,
				EF07A4D527CFF89B007FCE8C /* FeedPresenter.swift in Sources */,
				EF5848492786FB490069F684 /* UIViewExtension.swift in Sources */,
				EF0DA6012799F32600F6AEBB /* Listing.swift in Sources */,
				EF58484B2786FCCB0069F684 /* LayoutAnchor.swift in Sources */,
				EFD2C31127F38EDF0085E59F /* Subreddit.swift in Sources */,
				EFA28A6527D9443C006B7390 /* RedditVideo.swift in Sources */,
				EF3846DB276D547F006DCDDC /* AlbumImageCell.swift in Sources */,
				EFBD99562767C3A500373FBF /* SceneDelegate.swift in Sources */,
				EFBDC3BE27E900C7000BE79D /* TextCell.swift in Sources */,
				EF290DC928048D9800F6E142 /* FeedDataView.swift in Sources */,
			);
			runOnlyForDeploymentPostprocessing = 0;
		};
/* End PBXSourcesBuildPhase section */

/* Begin PBXVariantGroup section */
		EFBD995E2767C3AB00373FBF /* LaunchScreen.storyboard */ = {
			isa = PBXVariantGroup;
			children = (
				EFBD995F2767C3AB00373FBF /* Base */,
			);
			name = LaunchScreen.storyboard;
			sourceTree = "<group>";
		};
/* End PBXVariantGroup section */

/* Begin XCBuildConfiguration section */
		EFBD99622767C3AB00373FBF /* Debug */ = {
			isa = XCBuildConfiguration;
			buildSettings = {
				ALWAYS_SEARCH_USER_PATHS = NO;
				CLANG_ANALYZER_NONNULL = YES;
				CLANG_ANALYZER_NUMBER_OBJECT_CONVERSION = YES_AGGRESSIVE;
				CLANG_CXX_LANGUAGE_STANDARD = "gnu++17";
				CLANG_CXX_LIBRARY = "libc++";
				CLANG_ENABLE_MODULES = YES;
				CLANG_ENABLE_OBJC_ARC = YES;
				CLANG_ENABLE_OBJC_WEAK = YES;
				CLANG_WARN_BLOCK_CAPTURE_AUTORELEASING = YES;
				CLANG_WARN_BOOL_CONVERSION = YES;
				CLANG_WARN_COMMA = YES;
				CLANG_WARN_CONSTANT_CONVERSION = YES;
				CLANG_WARN_DEPRECATED_OBJC_IMPLEMENTATIONS = YES;
				CLANG_WARN_DIRECT_OBJC_ISA_USAGE = YES_ERROR;
				CLANG_WARN_DOCUMENTATION_COMMENTS = YES;
				CLANG_WARN_EMPTY_BODY = YES;
				CLANG_WARN_ENUM_CONVERSION = YES;
				CLANG_WARN_INFINITE_RECURSION = YES;
				CLANG_WARN_INT_CONVERSION = YES;
				CLANG_WARN_NON_LITERAL_NULL_CONVERSION = YES;
				CLANG_WARN_OBJC_IMPLICIT_RETAIN_SELF = YES;
				CLANG_WARN_OBJC_LITERAL_CONVERSION = YES;
				CLANG_WARN_OBJC_ROOT_CLASS = YES_ERROR;
				CLANG_WARN_QUOTED_INCLUDE_IN_FRAMEWORK_HEADER = YES;
				CLANG_WARN_RANGE_LOOP_ANALYSIS = YES;
				CLANG_WARN_STRICT_PROTOTYPES = YES;
				CLANG_WARN_SUSPICIOUS_MOVE = YES;
				CLANG_WARN_UNGUARDED_AVAILABILITY = YES_AGGRESSIVE;
				CLANG_WARN_UNREACHABLE_CODE = YES;
				CLANG_WARN__DUPLICATE_METHOD_MATCH = YES;
				COPY_PHASE_STRIP = NO;
				DEBUG_INFORMATION_FORMAT = dwarf;
				ENABLE_STRICT_OBJC_MSGSEND = YES;
				ENABLE_TESTABILITY = YES;
				GCC_C_LANGUAGE_STANDARD = gnu11;
				GCC_DYNAMIC_NO_PIC = NO;
				GCC_NO_COMMON_BLOCKS = YES;
				GCC_OPTIMIZATION_LEVEL = 0;
				GCC_PREPROCESSOR_DEFINITIONS = (
					"DEBUG=1",
					"$(inherited)",
				);
				GCC_WARN_64_TO_32_BIT_CONVERSION = YES;
				GCC_WARN_ABOUT_RETURN_TYPE = YES_ERROR;
				GCC_WARN_UNDECLARED_SELECTOR = YES;
				GCC_WARN_UNINITIALIZED_AUTOS = YES_AGGRESSIVE;
				GCC_WARN_UNUSED_FUNCTION = YES;
				GCC_WARN_UNUSED_VARIABLE = YES;
				IPHONEOS_DEPLOYMENT_TARGET = 15.0;
				MTL_ENABLE_DEBUG_INFO = INCLUDE_SOURCE;
				MTL_FAST_MATH = YES;
				ONLY_ACTIVE_ARCH = YES;
				SDKROOT = iphoneos;
				SWIFT_ACTIVE_COMPILATION_CONDITIONS = DEBUG;
				SWIFT_OPTIMIZATION_LEVEL = "-Onone";
			};
			name = Debug;
		};
		EFBD99632767C3AB00373FBF /* Release */ = {
			isa = XCBuildConfiguration;
			buildSettings = {
				ALWAYS_SEARCH_USER_PATHS = NO;
				CLANG_ANALYZER_NONNULL = YES;
				CLANG_ANALYZER_NUMBER_OBJECT_CONVERSION = YES_AGGRESSIVE;
				CLANG_CXX_LANGUAGE_STANDARD = "gnu++17";
				CLANG_CXX_LIBRARY = "libc++";
				CLANG_ENABLE_MODULES = YES;
				CLANG_ENABLE_OBJC_ARC = YES;
				CLANG_ENABLE_OBJC_WEAK = YES;
				CLANG_WARN_BLOCK_CAPTURE_AUTORELEASING = YES;
				CLANG_WARN_BOOL_CONVERSION = YES;
				CLANG_WARN_COMMA = YES;
				CLANG_WARN_CONSTANT_CONVERSION = YES;
				CLANG_WARN_DEPRECATED_OBJC_IMPLEMENTATIONS = YES;
				CLANG_WARN_DIRECT_OBJC_ISA_USAGE = YES_ERROR;
				CLANG_WARN_DOCUMENTATION_COMMENTS = YES;
				CLANG_WARN_EMPTY_BODY = YES;
				CLANG_WARN_ENUM_CONVERSION = YES;
				CLANG_WARN_INFINITE_RECURSION = YES;
				CLANG_WARN_INT_CONVERSION = YES;
				CLANG_WARN_NON_LITERAL_NULL_CONVERSION = YES;
				CLANG_WARN_OBJC_IMPLICIT_RETAIN_SELF = YES;
				CLANG_WARN_OBJC_LITERAL_CONVERSION = YES;
				CLANG_WARN_OBJC_ROOT_CLASS = YES_ERROR;
				CLANG_WARN_QUOTED_INCLUDE_IN_FRAMEWORK_HEADER = YES;
				CLANG_WARN_RANGE_LOOP_ANALYSIS = YES;
				CLANG_WARN_STRICT_PROTOTYPES = YES;
				CLANG_WARN_SUSPICIOUS_MOVE = YES;
				CLANG_WARN_UNGUARDED_AVAILABILITY = YES_AGGRESSIVE;
				CLANG_WARN_UNREACHABLE_CODE = YES;
				CLANG_WARN__DUPLICATE_METHOD_MATCH = YES;
				COPY_PHASE_STRIP = NO;
				DEBUG_INFORMATION_FORMAT = "dwarf-with-dsym";
				ENABLE_NS_ASSERTIONS = NO;
				ENABLE_STRICT_OBJC_MSGSEND = YES;
				GCC_C_LANGUAGE_STANDARD = gnu11;
				GCC_NO_COMMON_BLOCKS = YES;
				GCC_WARN_64_TO_32_BIT_CONVERSION = YES;
				GCC_WARN_ABOUT_RETURN_TYPE = YES_ERROR;
				GCC_WARN_UNDECLARED_SELECTOR = YES;
				GCC_WARN_UNINITIALIZED_AUTOS = YES_AGGRESSIVE;
				GCC_WARN_UNUSED_FUNCTION = YES;
				GCC_WARN_UNUSED_VARIABLE = YES;
				IPHONEOS_DEPLOYMENT_TARGET = 15.0;
				MTL_ENABLE_DEBUG_INFO = NO;
				MTL_FAST_MATH = YES;
				SDKROOT = iphoneos;
				SWIFT_COMPILATION_MODE = wholemodule;
				SWIFT_OPTIMIZATION_LEVEL = "-O";
				VALIDATE_PRODUCT = YES;
			};
			name = Release;
		};
		EFBD99652767C3AB00373FBF /* Debug */ = {
			isa = XCBuildConfiguration;
			buildSettings = {
				ASSETCATALOG_COMPILER_APPICON_NAME = AppIcon;
				ASSETCATALOG_COMPILER_GLOBAL_ACCENT_COLOR_NAME = AccentColor;
				CODE_SIGN_STYLE = Automatic;
				CURRENT_PROJECT_VERSION = 1;
				DEVELOPMENT_TEAM = GGBRYLM9ZW;
				GENERATE_INFOPLIST_FILE = YES;
				INFOPLIST_FILE = FeedApp/Info.plist;
				INFOPLIST_KEY_UIApplicationSupportsIndirectInputEvents = YES;
				INFOPLIST_KEY_UILaunchStoryboardName = LaunchScreen;
				INFOPLIST_KEY_UISupportedInterfaceOrientations_iPad = "UIInterfaceOrientationPortrait UIInterfaceOrientationPortraitUpsideDown UIInterfaceOrientationLandscapeLeft UIInterfaceOrientationLandscapeRight";
				INFOPLIST_KEY_UISupportedInterfaceOrientations_iPhone = "UIInterfaceOrientationPortrait UIInterfaceOrientationLandscapeLeft UIInterfaceOrientationLandscapeRight";
				LD_RUNPATH_SEARCH_PATHS = (
					"$(inherited)",
					"@executable_path/Frameworks",
				);
				MARKETING_VERSION = 1.0;
				PRODUCT_BUNDLE_IDENTIFIER = "Dmitry-Martyanov.FeedApp";
				PRODUCT_NAME = "$(TARGET_NAME)";
				SWIFT_EMIT_LOC_STRINGS = YES;
				SWIFT_VERSION = 5.0;
				TARGETED_DEVICE_FAMILY = 1;
			};
			name = Debug;
		};
		EFBD99662767C3AB00373FBF /* Release */ = {
			isa = XCBuildConfiguration;
			buildSettings = {
				ASSETCATALOG_COMPILER_APPICON_NAME = AppIcon;
				ASSETCATALOG_COMPILER_GLOBAL_ACCENT_COLOR_NAME = AccentColor;
				CODE_SIGN_STYLE = Automatic;
				CURRENT_PROJECT_VERSION = 1;
				DEVELOPMENT_TEAM = GGBRYLM9ZW;
				GENERATE_INFOPLIST_FILE = YES;
				INFOPLIST_FILE = FeedApp/Info.plist;
				INFOPLIST_KEY_UIApplicationSupportsIndirectInputEvents = YES;
				INFOPLIST_KEY_UILaunchStoryboardName = LaunchScreen;
				INFOPLIST_KEY_UISupportedInterfaceOrientations_iPad = "UIInterfaceOrientationPortrait UIInterfaceOrientationPortraitUpsideDown UIInterfaceOrientationLandscapeLeft UIInterfaceOrientationLandscapeRight";
				INFOPLIST_KEY_UISupportedInterfaceOrientations_iPhone = "UIInterfaceOrientationPortrait UIInterfaceOrientationLandscapeLeft UIInterfaceOrientationLandscapeRight";
				LD_RUNPATH_SEARCH_PATHS = (
					"$(inherited)",
					"@executable_path/Frameworks",
				);
				MARKETING_VERSION = 1.0;
				PRODUCT_BUNDLE_IDENTIFIER = "Dmitry-Martyanov.FeedApp";
				PRODUCT_NAME = "$(TARGET_NAME)";
				SWIFT_EMIT_LOC_STRINGS = YES;
				SWIFT_VERSION = 5.0;
				TARGETED_DEVICE_FAMILY = 1;
			};
			name = Release;
		};
/* End XCBuildConfiguration section */

/* Begin XCConfigurationList section */
		EFBD994B2767C3A400373FBF /* Build configuration list for PBXProject "FeedApp" */ = {
			isa = XCConfigurationList;
			buildConfigurations = (
				EFBD99622767C3AB00373FBF /* Debug */,
				EFBD99632767C3AB00373FBF /* Release */,
			);
			defaultConfigurationIsVisible = 0;
			defaultConfigurationName = Release;
		};
		EFBD99642767C3AB00373FBF /* Build configuration list for PBXNativeTarget "FeedApp" */ = {
			isa = XCConfigurationList;
			buildConfigurations = (
				EFBD99652767C3AB00373FBF /* Debug */,
				EFBD99662767C3AB00373FBF /* Release */,
			);
			defaultConfigurationIsVisible = 0;
			defaultConfigurationName = Release;
		};
/* End XCConfigurationList section */
	};
	rootObject = EFBD99482767C3A400373FBF /* Project object */;
}
