// !$*UTF8*$!
{
	archiveVersion = 1;
	classes = {
	};
	objectVersion = 55;
	objects = {

/* Begin PBXBuildFile section */
		EF0DA6012799F32600F6AEBB /* Listing.swift in Sources */ = {isa = PBXBuildFile; fileRef = EF0DA6002799F32600F6AEBB /* Listing.swift */; };
		EF0DA6052799F42000F6AEBB /* Link.swift in Sources */ = {isa = PBXBuildFile; fileRef = EF0DA6042799F42000F6AEBB /* Link.swift */; };
		EF0DA6072799F6AB00F6AEBB /* ListingItemProtocol.swift in Sources */ = {isa = PBXBuildFile; fileRef = EF0DA6062799F6AB00F6AEBB /* ListingItemProtocol.swift */; };
		EF0DA609279F34C100F6AEBB /* Result.swift in Sources */ = {isa = PBXBuildFile; fileRef = EF0DA608279F34C100F6AEBB /* Result.swift */; };
		EF0DA60B27A2BE6700F6AEBB /* JSONDictonary.swift in Sources */ = {isa = PBXBuildFile; fileRef = EF0DA60A27A2BE6700F6AEBB /* JSONDictonary.swift */; };
		EF3846D9276B58F5006DCDDC /* FeedCell.swift in Sources */ = {isa = PBXBuildFile; fileRef = EF3846D8276B58F5006DCDDC /* FeedCell.swift */; };
		EF3846DB276D547F006DCDDC /* ImagesCollectionViewCell.swift in Sources */ = {isa = PBXBuildFile; fileRef = EF3846DA276D547F006DCDDC /* ImagesCollectionViewCell.swift */; };
		EF5848492786FB490069F684 /* UIViewExtension.swift in Sources */ = {isa = PBXBuildFile; fileRef = EF5848482786FB490069F684 /* UIViewExtension.swift */; };
		EF58484B2786FCCB0069F684 /* LayoutAnchor.swift in Sources */ = {isa = PBXBuildFile; fileRef = EF58484A2786FCCB0069F684 /* LayoutAnchor.swift */; };
		EF58484E278706030069F684 /* NSLayoutConstraintExtension.swift in Sources */ = {isa = PBXBuildFile; fileRef = EF58484D278706030069F684 /* NSLayoutConstraintExtension.swift */; };
		EF987BF1278E1A580003B4A1 /* blond.jpg in Resources */ = {isa = PBXBuildFile; fileRef = EF987BF0278E1A580003B4A1 /* blond.jpg */; };
		EFBD99542767C3A400373FBF /* AppDelegate.swift in Sources */ = {isa = PBXBuildFile; fileRef = EFBD99532767C3A400373FBF /* AppDelegate.swift */; };
		EFBD99562767C3A500373FBF /* SceneDelegate.swift in Sources */ = {isa = PBXBuildFile; fileRef = EFBD99552767C3A500373FBF /* SceneDelegate.swift */; };
		EFBD995D2767C3AB00373FBF /* Assets.xcassets in Resources */ = {isa = PBXBuildFile; fileRef = EFBD995C2767C3AB00373FBF /* Assets.xcassets */; };
		EFBD99602767C3AB00373FBF /* LaunchScreen.storyboard in Resources */ = {isa = PBXBuildFile; fileRef = EFBD995E2767C3AB00373FBF /* LaunchScreen.storyboard */; };
		EFBD99682767C47F00373FBF /* MainViewController.swift in Sources */ = {isa = PBXBuildFile; fileRef = EFBD99672767C47F00373FBF /* MainViewController.swift */; };
		EFBD996A2767C4F200373FBF /* NetworkingManager.swift in Sources */ = {isa = PBXBuildFile; fileRef = EFBD99692767C4F200373FBF /* NetworkingManager.swift */; };
/* End PBXBuildFile section */

/* Begin PBXFileReference section */
		EF0DA6002799F32600F6AEBB /* Listing.swift */ = {isa = PBXFileReference; lastKnownFileType = sourcecode.swift; path = Listing.swift; sourceTree = "<group>"; };
		EF0DA6042799F42000F6AEBB /* Link.swift */ = {isa = PBXFileReference; lastKnownFileType = sourcecode.swift; path = Link.swift; sourceTree = "<group>"; };
		EF0DA6062799F6AB00F6AEBB /* ListingItemProtocol.swift */ = {isa = PBXFileReference; lastKnownFileType = sourcecode.swift; path = ListingItemProtocol.swift; sourceTree = "<group>"; };
		EF0DA608279F34C100F6AEBB /* Result.swift */ = {isa = PBXFileReference; lastKnownFileType = sourcecode.swift; path = Result.swift; sourceTree = "<group>"; };
		EF0DA60A27A2BE6700F6AEBB /* JSONDictonary.swift */ = {isa = PBXFileReference; lastKnownFileType = sourcecode.swift; name = JSONDictonary.swift; path = FeedApp/JSONDictonary.swift; sourceTree = SOURCE_ROOT; };
		EF3846D8276B58F5006DCDDC /* FeedCell.swift */ = {isa = PBXFileReference; lastKnownFileType = sourcecode.swift; path = FeedCell.swift; sourceTree = "<group>"; };
		EF3846DA276D547F006DCDDC /* ImagesCollectionViewCell.swift */ = {isa = PBXFileReference; lastKnownFileType = sourcecode.swift; path = ImagesCollectionViewCell.swift; sourceTree = "<group>"; };
		EF5848482786FB490069F684 /* UIViewExtension.swift */ = {isa = PBXFileReference; lastKnownFileType = sourcecode.swift; path = UIViewExtension.swift; sourceTree = "<group>"; };
		EF58484A2786FCCB0069F684 /* LayoutAnchor.swift */ = {isa = PBXFileReference; lastKnownFileType = sourcecode.swift; path = LayoutAnchor.swift; sourceTree = "<group>"; };
		EF58484D278706030069F684 /* NSLayoutConstraintExtension.swift */ = {isa = PBXFileReference; lastKnownFileType = sourcecode.swift; path = NSLayoutConstraintExtension.swift; sourceTree = "<group>"; };
		EF987BF0278E1A580003B4A1 /* blond.jpg */ = {isa = PBXFileReference; lastKnownFileType = image.jpeg; path = blond.jpg; sourceTree = "<group>"; };
		EFBD99502767C3A400373FBF /* FeedApp.app */ = {isa = PBXFileReference; explicitFileType = wrapper.application; includeInIndex = 0; path = FeedApp.app; sourceTree = BUILT_PRODUCTS_DIR; };
		EFBD99532767C3A400373FBF /* AppDelegate.swift */ = {isa = PBXFileReference; lastKnownFileType = sourcecode.swift; path = AppDelegate.swift; sourceTree = "<group>"; };
		EFBD99552767C3A500373FBF /* SceneDelegate.swift */ = {isa = PBXFileReference; lastKnownFileType = sourcecode.swift; path = SceneDelegate.swift; sourceTree = "<group>"; };
		EFBD995C2767C3AB00373FBF /* Assets.xcassets */ = {isa = PBXFileReference; lastKnownFileType = folder.assetcatalog; path = Assets.xcassets; sourceTree = "<group>"; };
		EFBD995F2767C3AB00373FBF /* Base */ = {isa = PBXFileReference; lastKnownFileType = file.storyboard; name = Base; path = Base.lproj/LaunchScreen.storyboard; sourceTree = "<group>"; };
		EFBD99612767C3AB00373FBF /* Info.plist */ = {isa = PBXFileReference; lastKnownFileType = text.plist.xml; path = Info.plist; sourceTree = "<group>"; };
		EFBD99672767C47F00373FBF /* MainViewController.swift */ = {isa = PBXFileReference; lastKnownFileType = sourcecode.swift; path = MainViewController.swift; sourceTree = "<group>"; };
		EFBD99692767C4F200373FBF /* NetworkingManager.swift */ = {isa = PBXFileReference; lastKnownFileType = sourcecode.swift; path = NetworkingManager.swift; sourceTree = "<group>"; };
/* End PBXFileReference section */

/* Begin PBXFrameworksBuildPhase section */
		EFBD994D2767C3A400373FBF /* Frameworks */ = {
			isa = PBXFrameworksBuildPhase;
			buildActionMask = 2147483647;
			files = (
			);
			runOnlyForDeploymentPostprocessing = 0;
		};
/* End PBXFrameworksBuildPhase section */

/* Begin PBXGroup section */
		EF0DA5FD2799F1D400F6AEBB /* Model */ = {
			isa = PBXGroup;
			children = (
				EF0DA6002799F32600F6AEBB /* Listing.swift */,
				EF0DA60A27A2BE6700F6AEBB /* JSONDictonary.swift */,
				EF0DA6042799F42000F6AEBB /* Link.swift */,
				EF0DA6062799F6AB00F6AEBB /* ListingItemProtocol.swift */,
			);
			path = Model;
			sourceTree = "<group>";
		};
		EF58484C278705D10069F684 /* AutoLayoutDSL */ = {
			isa = PBXGroup;
			children = (
				EF5848482786FB490069F684 /* UIViewExtension.swift */,
				EF58484A2786FCCB0069F684 /* LayoutAnchor.swift */,
				EF58484D278706030069F684 /* NSLayoutConstraintExtension.swift */,
			);
			path = AutoLayoutDSL;
			sourceTree = "<group>";
		};
		EF987BEF278E1A490003B4A1 /* Resources */ = {
			isa = PBXGroup;
			children = (
				EF987BF0278E1A580003B4A1 /* blond.jpg */,
			);
			path = Resources;
			sourceTree = "<group>";
		};
		EFBD99472767C3A400373FBF = {
			isa = PBXGroup;
			children = (
				EFBD99522767C3A400373FBF /* FeedApp */,
				EFBD99512767C3A400373FBF /* Products */,
			);
			sourceTree = "<group>";
		};
		EFBD99512767C3A400373FBF /* Products */ = {
			isa = PBXGroup;
			children = (
				EFBD99502767C3A400373FBF /* FeedApp.app */,
			);
			name = Products;
			sourceTree = "<group>";
		};
		EFBD99522767C3A400373FBF /* FeedApp */ = {
			isa = PBXGroup;
			children = (
				EF0DA5FD2799F1D400F6AEBB /* Model */,
				EF58484C278705D10069F684 /* AutoLayoutDSL */,
				EFBD99532767C3A400373FBF /* AppDelegate.swift */,
				EFBD99552767C3A500373FBF /* SceneDelegate.swift */,
				EFBD99672767C47F00373FBF /* MainViewController.swift */,
				EF3846D8276B58F5006DCDDC /* FeedCell.swift */,
				EF3846DA276D547F006DCDDC /* ImagesCollectionViewCell.swift */,
				EFBD99692767C4F200373FBF /* NetworkingManager.swift */,
				EF0DA608279F34C100F6AEBB /* Result.swift */,
				EFBD995C2767C3AB00373FBF /* Assets.xcassets */,
				EFBD995E2767C3AB00373FBF /* LaunchScreen.storyboard */,
				EFBD99612767C3AB00373FBF /* Info.plist */,
			);
			path = FeedApp;
			sourceTree = "<group>";
		};
/* End PBXGroup section */

/* Begin PBXNativeTarget section */
		EFBD994F2767C3A400373FBF /* FeedApp */ = {
			isa = PBXNativeTarget;
			buildConfigurationList = EFBD99642767C3AB00373FBF /* Build configuration list for PBXNativeTarget "FeedApp" */;
			buildPhases = (
				EFBD994C2767C3A400373FBF /* Sources */,
				EFBD994D2767C3A400373FBF /* Frameworks */,
				EFBD994E2767C3A400373FBF /* Resources */,
			);
			buildRules = (
			);
			dependencies = (
			);
			name = FeedApp;
			productName = FeedApp;
			productReference = EFBD99502767C3A400373FBF /* FeedApp.app */;
			productType = "com.apple.product-type.application";
		};
/* End PBXNativeTarget section */

/* Begin PBXProject section */
		EFBD99482767C3A400373FBF /* Project object */ = {
			isa = PBXProject;
			attributes = {
				BuildIndependentTargetsInParallel = 1;
				LastSwiftUpdateCheck = 1310;
				LastUpgradeCheck = 1310;
				TargetAttributes = {
					EFBD994F2767C3A400373FBF = {
						CreatedOnToolsVersion = 13.1;
					};
				};
			};
			buildConfigurationList = EFBD994B2767C3A400373FBF /* Build configuration list for PBXProject "FeedApp" */;
			compatibilityVersion = "Xcode 13.0";
			developmentRegion = en;
			hasScannedForEncodings = 0;
			knownRegions = (
				en,
				Base,
			);
			mainGroup = EFBD99472767C3A400373FBF;
			productRefGroup = EFBD99512767C3A400373FBF /* Products */;
			projectDirPath = "";
			projectRoot = "";
			targets = (
				EFBD994F2767C3A400373FBF /* FeedApp */,
			);
		};
/* End PBXProject section */

/* Begin PBXResourcesBuildPhase section */
		EFBD994E2767C3A400373FBF /* Resources */ = {
			isa = PBXResourcesBuildPhase;
			buildActionMask = 2147483647;
			files = (
				EFBD99602767C3AB00373FBF /* LaunchScreen.storyboard in Resources */,
				EF987BF1278E1A580003B4A1 /* blond.jpg in Resources */,
				EFBD995D2767C3AB00373FBF /* Assets.xcassets in Resources */,
			);
			runOnlyForDeploymentPostprocessing = 0;
		};
/* End PBXResourcesBuildPhase section */

/* Begin PBXSourcesBuildPhase section */
		EFBD994C2767C3A400373FBF /* Sources */ = {
			isa = PBXSourcesBuildPhase;
			buildActionMask = 2147483647;
			files = (
				EFBD99682767C47F00373FBF /* MainViewController.swift in Sources */,
				EF58484E278706030069F684 /* NSLayoutConstraintExtension.swift in Sources */,
				EF0DA60B27A2BE6700F6AEBB /* JSONDictonary.swift in Sources */,
				EF3846D9276B58F5006DCDDC /* FeedCell.swift in Sources */,
				EF0DA6052799F42000F6AEBB /* Link.swift in Sources */,
				EF0DA609279F34C100F6AEBB /* Result.swift in Sources */,
				EFBD996A2767C4F200373FBF /* NetworkingManager.swift in Sources */,
				EFBD99542767C3A400373FBF /* AppDelegate.swift in Sources */,
				EF0DA6072799F6AB00F6AEBB /* ListingItemProtocol.swift in Sources */,
				EF5848492786FB490069F684 /* UIViewExtension.swift in Sources */,
				EF0DA6012799F32600F6AEBB /* Listing.swift in Sources */,
				EF58484B2786FCCB0069F684 /* LayoutAnchor.swift in Sources */,
				EF3846DB276D547F006DCDDC /* ImagesCollectionViewCell.swift in Sources */,
				EFBD99562767C3A500373FBF /* SceneDelegate.swift in Sources */,
			);
			runOnlyForDeploymentPostprocessing = 0;
		};
/* End PBXSourcesBuildPhase section */

/* Begin PBXVariantGroup section */
		EFBD995E2767C3AB00373FBF /* LaunchScreen.storyboard */ = {
			isa = PBXVariantGroup;
			children = (
				EFBD995F2767C3AB00373FBF /* Base */,
			);
			name = LaunchScreen.storyboard;
			sourceTree = "<group>";
		};
/* End PBXVariantGroup section */

/* Begin XCBuildConfiguration section */
		EFBD99622767C3AB00373FBF /* Debug */ = {
			isa = XCBuildConfiguration;
			buildSettings = {
				ALWAYS_SEARCH_USER_PATHS = NO;
				CLANG_ANALYZER_NONNULL = YES;
				CLANG_ANALYZER_NUMBER_OBJECT_CONVERSION = YES_AGGRESSIVE;
				CLANG_CXX_LANGUAGE_STANDARD = "gnu++17";
				CLANG_CXX_LIBRARY = "libc++";
				CLANG_ENABLE_MODULES = YES;
				CLANG_ENABLE_OBJC_ARC = YES;
				CLANG_ENABLE_OBJC_WEAK = YES;
				CLANG_WARN_BLOCK_CAPTURE_AUTORELEASING = YES;
				CLANG_WARN_BOOL_CONVERSION = YES;
				CLANG_WARN_COMMA = YES;
				CLANG_WARN_CONSTANT_CONVERSION = YES;
				CLANG_WARN_DEPRECATED_OBJC_IMPLEMENTATIONS = YES;
				CLANG_WARN_DIRECT_OBJC_ISA_USAGE = YES_ERROR;
				CLANG_WARN_DOCUMENTATION_COMMENTS = YES;
				CLANG_WARN_EMPTY_BODY = YES;
				CLANG_WARN_ENUM_CONVERSION = YES;
				CLANG_WARN_INFINITE_RECURSION = YES;
				CLANG_WARN_INT_CONVERSION = YES;
				CLANG_WARN_NON_LITERAL_NULL_CONVERSION = YES;
				CLANG_WARN_OBJC_IMPLICIT_RETAIN_SELF = YES;
				CLANG_WARN_OBJC_LITERAL_CONVERSION = YES;
				CLANG_WARN_OBJC_ROOT_CLASS = YES_ERROR;
				CLANG_WARN_QUOTED_INCLUDE_IN_FRAMEWORK_HEADER = YES;
				CLANG_WARN_RANGE_LOOP_ANALYSIS = YES;
				CLANG_WARN_STRICT_PROTOTYPES = YES;
				CLANG_WARN_SUSPICIOUS_MOVE = YES;
				CLANG_WARN_UNGUARDED_AVAILABILITY = YES_AGGRESSIVE;
				CLANG_WARN_UNREACHABLE_CODE = YES;
				CLANG_WARN__DUPLICATE_METHOD_MATCH = YES;
				COPY_PHASE_STRIP = NO;
				DEBUG_INFORMATION_FORMAT = dwarf;
				ENABLE_STRICT_OBJC_MSGSEND = YES;
				ENABLE_TESTABILITY = YES;
				GCC_C_LANGUAGE_STANDARD = gnu11;
				GCC_DYNAMIC_NO_PIC = NO;
				GCC_NO_COMMON_BLOCKS = YES;
				GCC_OPTIMIZATION_LEVEL = 0;
				GCC_PREPROCESSOR_DEFINITIONS = (
					"DEBUG=1",
					"$(inherited)",
				);
				GCC_WARN_64_TO_32_BIT_CONVERSION = YES;
				GCC_WARN_ABOUT_RETURN_TYPE = YES_ERROR;
				GCC_WARN_UNDECLARED_SELECTOR = YES;
				GCC_WARN_UNINITIALIZED_AUTOS = YES_AGGRESSIVE;
				GCC_WARN_UNUSED_FUNCTION = YES;
				GCC_WARN_UNUSED_VARIABLE = YES;
				IPHONEOS_DEPLOYMENT_TARGET = 15.0;
				MTL_ENABLE_DEBUG_INFO = INCLUDE_SOURCE;
				MTL_FAST_MATH = YES;
				ONLY_ACTIVE_ARCH = YES;
				SDKROOT = iphoneos;
				SWIFT_ACTIVE_COMPILATION_CONDITIONS = DEBUG;
				SWIFT_OPTIMIZATION_LEVEL = "-Onone";
			};
			name = Debug;
		};
		EFBD99632767C3AB00373FBF /* Release */ = {
			isa = XCBuildConfiguration;
			buildSettings = {
				ALWAYS_SEARCH_USER_PATHS = NO;
				CLANG_ANALYZER_NONNULL = YES;
				CLANG_ANALYZER_NUMBER_OBJECT_CONVERSION = YES_AGGRESSIVE;
				CLANG_CXX_LANGUAGE_STANDARD = "gnu++17";
				CLANG_CXX_LIBRARY = "libc++";
				CLANG_ENABLE_MODULES = YES;
				CLANG_ENABLE_OBJC_ARC = YES;
				CLANG_ENABLE_OBJC_WEAK = YES;
				CLANG_WARN_BLOCK_CAPTURE_AUTORELEASING = YES;
				CLANG_WARN_BOOL_CONVERSION = YES;
				CLANG_WARN_COMMA = YES;
				CLANG_WARN_CONSTANT_CONVERSION = YES;
				CLANG_WARN_DEPRECATED_OBJC_IMPLEMENTATIONS = YES;
				CLANG_WARN_DIRECT_OBJC_ISA_USAGE = YES_ERROR;
				CLANG_WARN_DOCUMENTATION_COMMENTS = YES;
				CLANG_WARN_EMPTY_BODY = YES;
				CLANG_WARN_ENUM_CONVERSION = YES;
				CLANG_WARN_INFINITE_RECURSION = YES;
				CLANG_WARN_INT_CONVERSION = YES;
				CLANG_WARN_NON_LITERAL_NULL_CONVERSION = YES;
				CLANG_WARN_OBJC_IMPLICIT_RETAIN_SELF = YES;
				CLANG_WARN_OBJC_LITERAL_CONVERSION = YES;
				CLANG_WARN_OBJC_ROOT_CLASS = YES_ERROR;
				CLANG_WARN_QUOTED_INCLUDE_IN_FRAMEWORK_HEADER = YES;
				CLANG_WARN_RANGE_LOOP_ANALYSIS = YES;
				CLANG_WARN_STRICT_PROTOTYPES = YES;
				CLANG_WARN_SUSPICIOUS_MOVE = YES;
				CLANG_WARN_UNGUARDED_AVAILABILITY = YES_AGGRESSIVE;
				CLANG_WARN_UNREACHABLE_CODE = YES;
				CLANG_WARN__DUPLICATE_METHOD_MATCH = YES;
				COPY_PHASE_STRIP = NO;
				DEBUG_INFORMATION_FORMAT = "dwarf-with-dsym";
				ENABLE_NS_ASSERTIONS = NO;
				ENABLE_STRICT_OBJC_MSGSEND = YES;
				GCC_C_LANGUAGE_STANDARD = gnu11;
				GCC_NO_COMMON_BLOCKS = YES;
				GCC_WARN_64_TO_32_BIT_CONVERSION = YES;
				GCC_WARN_ABOUT_RETURN_TYPE = YES_ERROR;
				GCC_WARN_UNDECLARED_SELECTOR = YES;
				GCC_WARN_UNINITIALIZED_AUTOS = YES_AGGRESSIVE;
				GCC_WARN_UNUSED_FUNCTION = YES;
				GCC_WARN_UNUSED_VARIABLE = YES;
				IPHONEOS_DEPLOYMENT_TARGET = 15.0;
				MTL_ENABLE_DEBUG_INFO = NO;
				MTL_FAST_MATH = YES;
				SDKROOT = iphoneos;
				SWIFT_COMPILATION_MODE = wholemodule;
				SWIFT_OPTIMIZATION_LEVEL = "-O";
				VALIDATE_PRODUCT = YES;
			};
			name = Release;
		};
		EFBD99652767C3AB00373FBF /* Debug */ = {
			isa = XCBuildConfiguration;
			buildSettings = {
				ASSETCATALOG_COMPILER_APPICON_NAME = AppIcon;
				ASSETCATALOG_COMPILER_GLOBAL_ACCENT_COLOR_NAME = AccentColor;
				CODE_SIGN_STYLE = Automatic;
				CURRENT_PROJECT_VERSION = 1;
				DEVELOPMENT_TEAM = GGBRYLM9ZW;
				GENERATE_INFOPLIST_FILE = YES;
				INFOPLIST_FILE = FeedApp/Info.plist;
				INFOPLIST_KEY_UIApplicationSupportsIndirectInputEvents = YES;
				INFOPLIST_KEY_UILaunchStoryboardName = LaunchScreen;
				INFOPLIST_KEY_UISupportedInterfaceOrientations_iPad = "UIInterfaceOrientationPortrait UIInterfaceOrientationPortraitUpsideDown UIInterfaceOrientationLandscapeLeft UIInterfaceOrientationLandscapeRight";
				INFOPLIST_KEY_UISupportedInterfaceOrientations_iPhone = "UIInterfaceOrientationPortrait UIInterfaceOrientationLandscapeLeft UIInterfaceOrientationLandscapeRight";
				LD_RUNPATH_SEARCH_PATHS = (
					"$(inherited)",
					"@executable_path/Frameworks",
				);
				MARKETING_VERSION = 1.0;
				PRODUCT_BUNDLE_IDENTIFIER = "Dmitry-Martyanov.FeedApp";
				PRODUCT_NAME = "$(TARGET_NAME)";
				SWIFT_EMIT_LOC_STRINGS = YES;
				SWIFT_VERSION = 5.0;
				TARGETED_DEVICE_FAMILY = 1;
			};
			name = Debug;
		};
		EFBD99662767C3AB00373FBF /* Release */ = {
			isa = XCBuildConfiguration;
			buildSettings = {
				ASSETCATALOG_COMPILER_APPICON_NAME = AppIcon;
				ASSETCATALOG_COMPILER_GLOBAL_ACCENT_COLOR_NAME = AccentColor;
				CODE_SIGN_STYLE = Automatic;
				CURRENT_PROJECT_VERSION = 1;
				DEVELOPMENT_TEAM = GGBRYLM9ZW;
				GENERATE_INFOPLIST_FILE = YES;
				INFOPLIST_FILE = FeedApp/Info.plist;
				INFOPLIST_KEY_UIApplicationSupportsIndirectInputEvents = YES;
				INFOPLIST_KEY_UILaunchStoryboardName = LaunchScreen;
				INFOPLIST_KEY_UISupportedInterfaceOrientations_iPad = "UIInterfaceOrientationPortrait UIInterfaceOrientationPortraitUpsideDown UIInterfaceOrientationLandscapeLeft UIInterfaceOrientationLandscapeRight";
				INFOPLIST_KEY_UISupportedInterfaceOrientations_iPhone = "UIInterfaceOrientationPortrait UIInterfaceOrientationLandscapeLeft UIInterfaceOrientationLandscapeRight";
				LD_RUNPATH_SEARCH_PATHS = (
					"$(inherited)",
					"@executable_path/Frameworks",
				);
				MARKETING_VERSION = 1.0;
				PRODUCT_BUNDLE_IDENTIFIER = "Dmitry-Martyanov.FeedApp";
				PRODUCT_NAME = "$(TARGET_NAME)";
				SWIFT_EMIT_LOC_STRINGS = YES;
				SWIFT_VERSION = 5.0;
				TARGETED_DEVICE_FAMILY = 1;
			};
			name = Release;
		};
/* End XCBuildConfiguration section */

/* Begin XCConfigurationList section */
		EFBD994B2767C3A400373FBF /* Build configuration list for PBXProject "FeedApp" */ = {
			isa = XCConfigurationList;
			buildConfigurations = (
				EFBD99622767C3AB00373FBF /* Debug */,
				EFBD99632767C3AB00373FBF /* Release */,
			);
			defaultConfigurationIsVisible = 0;
			defaultConfigurationName = Release;
		};
		EFBD99642767C3AB00373FBF /* Build configuration list for PBXNativeTarget "FeedApp" */ = {
			isa = XCConfigurationList;
			buildConfigurations = (
				EFBD99652767C3AB00373FBF /* Debug */,
				EFBD99662767C3AB00373FBF /* Release */,
			);
			defaultConfigurationIsVisible = 0;
			defaultConfigurationName = Release;
		};
/* End XCConfigurationList section */
	};
	rootObject = EFBD99482767C3A400373FBF /* Project object */;
}
